[{<<"bson">>,
  {git,"git://github.com/comtihon/bson-erlang",
       {ref,"14308ab927cfa69324742c3de720578094e0bb19"}},
  1},
 {<<"cowlib">>,
  {git,"https://github.com/ninenines/cowlib",
       {ref,"3ef5b48a028bb66f82b452c98ae515903096641c"}},
  1},
 {<<"gun">>,
  {git,"https://github.com/ninenines/gun.git",
       {ref,"eb84f7ecab15dbcd5fd64d45e236a47b17b6b20e"}},
  0},
 {<<"mongodb">>,
  {git,"git://github.com/comtihon/mongodb-erlang",
       {ref,"dfe33bd22bab4b296353365f61b593d83cd757a8"}},
  0},
 {<<"pbkdf2">>,
  {git,"git://github.com/comtihon/erlang-pbkdf2.git",
       {ref,"5201a735639496fc595061160117e4ec155d73f5"}},
  1},
 {<<"poolboy">>,
  {git,"git://github.com/comtihon/poolboy.git",
       {ref,"04ea8a5479b273a052942755ebdc42c9e318d907"}},
  1},
 {<<"ranch">>,
  {git,"https://github.com/ninenines/ranch",
       {ref,"b6f5b70ddbd7cb29cc26012e224fbbac67ca0432"}},
  1}].
